<?xml version="1.0" encoding="utf-8"?>
<Project ToolsVersion="4.0" xmlns="http://schemas.microsoft.com/developer/msbuild/2003">
  <ItemGroup>
    <Filter Include="Source Files">
      <UniqueIdentifier>{4FC737F1-C7A5-4376-A066-2A32D752A2FF}</UniqueIdentifier>
      <Extensions>cpp;c;cc;cxx;c++;cppm;ixx;def;odl;idl;hpj;bat;asm;asmx</Extensions>
    </Filter>
    <Filter Include="Header Files">
      <UniqueIdentifier>{93995380-89BD-4b04-88EB-625FBE52EBFB}</UniqueIdentifier>
      <Extensions>h;hh;hpp;hxx;h++;hm;inl;inc;ipp;xsd</Extensions>
    </Filter>
    <Filter Include="Resource Files">
      <UniqueIdentifier>{67DA6AB6-F800-4c08-8B7A-83BB121AAD01}</UniqueIdentifier>
      <Extensions>rc;ico;cur;bmp;dlg;rc2;rct;bin;rgs;gif;jpg;jpeg;jpe;resx;tiff;tif;png;wav;mfcribbon-ms</Extensions>
    </Filter>
  </ItemGroup>
  <ItemGroup>
    <ClCompile Include="main.cpp">
      <Filter>Source Files</Filter>
    </ClCompile>
    <ClCompile Include="texture2d.cpp">
      <Filter>Source Files</Filter>
    </ClCompile>
    <ClCompile Include="gamescreen.cpp">
      <Filter>Source Files</Filter>
    </ClCompile>
    <ClCompile Include="gamescreenlevel1.cpp">
      <Filter>Source Files</Filter>
    </ClCompile>
    <ClCompile Include="gamescreenmanager.cpp">
      <Filter>Source Files</Filter>
    </ClCompile>
    <ClCompile Include="gamescreentitle.cpp">
      <Filter>Source Files</Filter>
    </ClCompile>
    <ClCompile Include="character.cpp">
      <Filter>Source Files</Filter>
    </ClCompile>
    <ClCompile Include="collisions.cpp">
      <Filter>Source Files</Filter>
    </ClCompile>
    <ClCompile Include="charactermario.cpp">
      <Filter>Source Files</Filter>
    </ClCompile>
    <ClCompile Include="characterluigi.cpp">
      <Filter>Source Files</Filter>
    </ClCompile>
    <ClCompile Include="levelmap.cpp">
      <Filter>Source Files</Filter>
    </ClCompile>
    <ClCompile Include="powblock.cpp">
      <Filter>Source Files</Filter>
    </ClCompile>
    <ClCompile Include="koopa.cpp">
      <Filter>Source Files</Filter>
    </ClCompile>
    <ClCompile Include="soundmanager.cpp">
      <Filter>Source Files</Filter>
    </ClCompile>
  </ItemGroup>
  <ItemGroup>
    <Library Include="SDL2\SDL\SDL2.lib" />
    <Library Include="SDL2\SDL\SDL2_image.lib" />
    <Library Include="SDL2\SDL\SDL2_mixer.lib" />
    <Library Include="SDL2\SDL\SDL2main.lib" />
    <Library Include="SDL2\SDL\SDL2test.lib" />
  </ItemGroup>
  <ItemGroup>
    <ClInclude Include="constants.h">
      <Filter>Header Files</Filter>
    </ClInclude>
    <ClInclude Include="commons.h">
      <Filter>Header Files</Filter>
    </ClInclude>
    <ClInclude Include="texture2d.h">
      <Filter>Header Files</Filter>
    </ClInclude>
    <ClInclude Include="gamescreen.h">
      <Filter>Header Files</Filter>
    </ClInclude>
    <ClInclude Include="gamescreenlevel1.h">
      <Filter>Header Files</Filter>
    </ClInclude>
    <ClInclude Include="gamescreenmanager.h">
      <Filter>Header Files</Filter>
    </ClInclude>
    <ClInclude Include="gamescreentitle.h">
      <Filter>Header Files</Filter>
    </ClInclude>
    <ClInclude Include="character.h">
      <Filter>Header Files</Filter>
    </ClInclude>
    <ClInclude Include="collisions.h">
      <Filter>Header Files</Filter>
    </ClInclude>
    <ClInclude Include="charactermario.h">
      <Filter>Header Files</Filter>
    </ClInclude>
    <ClInclude Include="characterluigi.h">
      <Filter>Header Files</Filter>
    </ClInclude>
    <ClInclude Include="levelmap.h">
      <Filter>Header Files</Filter>
    </ClInclude>
    <ClInclude Include="powblock.h">
      <Filter>Header Files</Filter>
    </ClInclude>
    <ClInclude Include="koopa.h">
      <Filter>Header Files</Filter>
    </ClInclude>
    <ClInclude Include="soundmanager.h">
      <Filter>Header Files</Filter>
    </ClInclude>
  </ItemGroup>
</Project>